
Microsoft Visual Studio Solution File, Format Version 12.00
# Visual Studio Version 17
VisualStudioVersion = 17.11.35312.102
MinimumVisualStudioVersion = 10.0.40219.1
Project("{FAE04EC0-301F-11D3-BF4B-00C04F79EFBC}") = "inheritance", "inheritance\inheritance.csproj", "{7DADAA42-3A01-4B64-B23F-F717EC4FF285}"
EndProject
Global
	GlobalSection(SolutionConfigurationPlatforms) = preSolution
		Debug|Any CPU = Debug|Any CPU
		Release|Any CPU = Release|Any CPU
	EndGlobalSection
	GlobalSection(ProjectConfigurationPlatforms) = postSolution
		{7DADAA42-3A01-4B64-B23F-F717EC4FF285}.Debug|Any CPU.ActiveCfg = Debug|Any CPU
		{7DADAA42-3A01-4B64-B23F-F717EC4FF285}.Debug|Any CPU.Build.0 = Debug|Any CPU
		{7DADAA42-3A01-4B64-B23F-F717EC4FF285}.Release|Any CPU.ActiveCfg = Release|Any CPU
		{7DADAA42-3A01-4B64-B23F-F717EC4FF285}.Release|Any CPU.Build.0 = Release|Any CPU
	EndGlobalSection
	GlobalSection(SolutionProperties) = preSolution
		HideSolutionNode = FALSE
	EndGlobalSection
	GlobalSection(ExtensibilityGlobals) = postSolution
		SolutionGuid = {109650C3-930C-48CB-9DDD-1A2241BA2A29}
	EndGlobalSection
EndGlobal
