
Microsoft Visual Studio Solution File, Format Version 12.00
# Visual Studio Version 17
VisualStudioVersion = 17.11.35312.102
MinimumVisualStudioVersion = 10.0.40219.1
Project("{FAE04EC0-301F-11D3-BF4B-00C04F79EFBC}") = "vasita", "vasita\vasita.csproj", "{13A677AE-1AD3-41BA-A6B2-8BEC59CEE1D8}"
EndProject
Global
	GlobalSection(SolutionConfigurationPlatforms) = preSolution
		Debug|Any CPU = Debug|Any CPU
		Release|Any CPU = Release|Any CPU
	EndGlobalSection
	GlobalSection(ProjectConfigurationPlatforms) = postSolution
		{13A677AE-1AD3-41BA-A6B2-8BEC59CEE1D8}.Debug|Any CPU.ActiveCfg = Debug|Any CPU
		{13A677AE-1AD3-41BA-A6B2-8BEC59CEE1D8}.Debug|Any CPU.Build.0 = Debug|Any CPU
		{13A677AE-1AD3-41BA-A6B2-8BEC59CEE1D8}.Release|Any CPU.ActiveCfg = Release|Any CPU
		{13A677AE-1AD3-41BA-A6B2-8BEC59CEE1D8}.Release|Any CPU.Build.0 = Release|Any CPU
	EndGlobalSection
	GlobalSection(SolutionProperties) = preSolution
		HideSolutionNode = FALSE
	EndGlobalSection
	GlobalSection(ExtensibilityGlobals) = postSolution
		SolutionGuid = {E41414CC-BE39-41CB-9499-D4DE69BE73BD}
	EndGlobalSection
EndGlobal
